
Microsoft Visual Studio Solution File, Format Version 12.00
# Visual Studio Version 16
VisualStudioVersion = 16.0.29326.143
MinimumVisualStudioVersion = 10.0.40219.1
Project("{FAE04EC0-301F-11D3-BF4B-00C04F79EFBC}") = "CaesarCipher_Caputo1", "CaesarCipher_Caputo1\CaesarCipher_Caputo1.csproj", "{97B2C7E8-2806-46B5-8DF3-0CBE42A79584}"
EndProject
Project("{FAE04EC0-301F-11D3-BF4B-00C04F79EFBC}") = "CeaserCipher_Library", "CeaserCipher_Library\CeaserCipher_Library.csproj", "{4DC8E745-63BF-4E48-BE6A-FBCE050B0D89}"
EndProject
Global
	GlobalSection(SolutionConfigurationPlatforms) = preSolution
		Debug|Any CPU = Debug|Any CPU
		Release|Any CPU = Release|Any CPU
	EndGlobalSection
	GlobalSection(ProjectConfigurationPlatforms) = postSolution
		{97B2C7E8-2806-46B5-8DF3-0CBE42A79584}.Debug|Any CPU.ActiveCfg = Debug|Any CPU
		{97B2C7E8-2806-46B5-8DF3-0CBE42A79584}.Debug|Any CPU.Build.0 = Debug|Any CPU
		{97B2C7E8-2806-46B5-8DF3-0CBE42A79584}.Release|Any CPU.ActiveCfg = Release|Any CPU
		{97B2C7E8-2806-46B5-8DF3-0CBE42A79584}.Release|Any CPU.Build.0 = Release|Any CPU
		{4DC8E745-63BF-4E48-BE6A-FBCE050B0D89}.Debug|Any CPU.ActiveCfg = Debug|Any CPU
		{4DC8E745-63BF-4E48-BE6A-FBCE050B0D89}.Debug|Any CPU.Build.0 = Debug|Any CPU
		{4DC8E745-63BF-4E48-BE6A-FBCE050B0D89}.Release|Any CPU.ActiveCfg = Release|Any CPU
		{4DC8E745-63BF-4E48-BE6A-FBCE050B0D89}.Release|Any CPU.Build.0 = Release|Any CPU
	EndGlobalSection
	GlobalSection(SolutionProperties) = preSolution
		HideSolutionNode = FALSE
	EndGlobalSection
	GlobalSection(ExtensibilityGlobals) = postSolution
		SolutionGuid = {AA1C3B92-4008-47EC-9F88-A37C77E73965}
	EndGlobalSection
EndGlobal
